<?xml version="1.0" encoding="utf-8"?>
<Project ToolsVersion="4.0" xmlns="http://schemas.microsoft.com/developer/msbuild/2003">
  <ItemGroup>
    <Filter Include="Resource Files">
      <UniqueIdentifier>{67DA6AB6-F800-4c08-8B7A-83BB121AAD01}</UniqueIdentifier>
      <Extensions>rc;ico;cur;bmp;dlg;rc2;rct;bin;rgs;gif;jpg;jpeg;jpe;resx;tiff;tif;png;wav;mfcribbon-ms</Extensions>
    </Filter>
    <Filter Include="Engine">
      <UniqueIdentifier>{6c03e6fe-f1fd-497d-8124-432f3956ea33}</UniqueIdentifier>
    </Filter>
    <Filter Include="Engine\Source">
      <UniqueIdentifier>{9e85036d-65e5-45ab-a4aa-55e52dfb4c7a}</UniqueIdentifier>
    </Filter>
    <Filter Include="Engine\Headers">
      <UniqueIdentifier>{655cbddb-a1f4-43b9-ac0a-04492fbbb617}</UniqueIdentifier>
    </Filter>
    <Filter Include="Game">
      <UniqueIdentifier>{6fe0f81a-4972-45df-8299-01e399100531}</UniqueIdentifier>
    </Filter>
    <Filter Include="Game\Source">
      <UniqueIdentifier>{5bd02ea5-697e-4852-9361-39dca76c9795}</UniqueIdentifier>
    </Filter>
    <Filter Include="Game\Headers">
      <UniqueIdentifier>{eb7e98ee-54ce-4fc6-8ef3-fe353d8fe814}</UniqueIdentifier>
    </Filter>
    <Filter Include="IMGUI">
      <UniqueIdentifier>{158df3c6-73af-4220-a3f7-2ff5421af78c}</UniqueIdentifier>
    </Filter>
    <Filter Include="IMGUI\Headers">
      <UniqueIdentifier>{3a8ba767-df87-44dc-88b1-8b78bd841e18}</UniqueIdentifier>
    </Filter>
    <Filter Include="IMGUI\Source">
      <UniqueIdentifier>{9f779f62-4c8c-4cdc-aa56-9e332cca11f7}</UniqueIdentifier>
    </Filter>
  </ItemGroup>
  <ItemGroup>
    <ClCompile Include="game.cpp">
      <Filter>Engine\Source</Filter>
    </ClCompile>
    <ClCompile Include="logmanager.cpp">
      <Filter>Engine\Source</Filter>
    </ClCompile>
    <ClCompile Include="matrix4.cpp">
      <Filter>Engine\Source</Filter>
    </ClCompile>
    <ClCompile Include="renderer.cpp">
      <Filter>Engine\Source</Filter>
    </ClCompile>
    <ClCompile Include="scene.cpp">
      <Filter>Engine\Source</Filter>
    </ClCompile>
    <ClCompile Include="shader.cpp">
      <Filter>Engine\Source</Filter>
    </ClCompile>
    <ClCompile Include="sprite.cpp">
      <Filter>Engine\Source</Filter>
    </ClCompile>
    <ClCompile Include="texture.cpp">
      <Filter>Engine\Source</Filter>
    </ClCompile>
    <ClCompile Include="texturemanager.cpp">
      <Filter>Engine\Source</Filter>
    </ClCompile>
    <ClCompile Include="vertexarray.cpp">
      <Filter>Engine\Source</Filter>
    </ClCompile>
    <ClCompile Include="main.cpp">
      <Filter>Game</Filter>
    </ClCompile>
    <ClCompile Include="scenesplash.cpp">
      <Filter>Game\Source</Filter>
    </ClCompile>
    <ClCompile Include="vector2.cpp">
      <Filter>Engine\Source</Filter>
    </ClCompile>
    <ClCompile Include="ball.cpp">
      <Filter>Game\Source</Filter>
    </ClCompile>
    <ClCompile Include="sceneballs.cpp">
      <Filter>Game\Source</Filter>
    </ClCompile>
    <ClCompile Include="imgui\imgui_tables.cpp">
      <Filter>IMGUI\Source</Filter>
    </ClCompile>
    <ClCompile Include="imgui\imgui_widgets.cpp">
      <Filter>IMGUI\Source</Filter>
    </ClCompile>
    <ClCompile Include="imgui\imgui.cpp">
      <Filter>IMGUI\Source</Filter>
    </ClCompile>
    <ClCompile Include="imgui\imgui_demo.cpp">
      <Filter>IMGUI\Source</Filter>
    </ClCompile>
    <ClCompile Include="imgui\imgui_draw.cpp">
      <Filter>IMGUI\Source</Filter>
    </ClCompile>
    <ClCompile Include="imgui\imgui_impl_opengl3.cpp">
      <Filter>IMGUI\Source</Filter>
    </ClCompile>
    <ClCompile Include="imgui\imgui_impl_sdl.cpp">
      <Filter>IMGUI\Source</Filter>
    </ClCompile>
    <ClCompile Include="input.cpp">
      <Filter>Engine\Source</Filter>
    </ClCompile>
    <ClCompile Include="xinputcontroller.cpp">
      <Filter>Engine\Source</Filter>
    </ClCompile>
    <ClCompile Include="scenegame.cpp">
      <Filter>Game\Source</Filter>
    </ClCompile>
    <ClCompile Include="player.cpp">
      <Filter>Game\Source</Filter>
    </ClCompile>
  </ItemGroup>
  <ItemGroup>
    <ClInclude Include="game.h">
      <Filter>Engine\Headers</Filter>
    </ClInclude>
    <ClInclude Include="logmanager.h">
      <Filter>Engine\Headers</Filter>
    </ClInclude>
    <ClInclude Include="matrix4.h">
      <Filter>Engine\Headers</Filter>
    </ClInclude>
    <ClInclude Include="renderer.h">
      <Filter>Engine\Headers</Filter>
    </ClInclude>
    <ClInclude Include="scene.h">
      <Filter>Engine\Headers</Filter>
    </ClInclude>
    <ClInclude Include="shader.h">
      <Filter>Engine\Headers</Filter>
    </ClInclude>
    <ClInclude Include="sprite.h">
      <Filter>Engine\Headers</Filter>
    </ClInclude>
    <ClInclude Include="texture.h">
      <Filter>Engine\Headers</Filter>
    </ClInclude>
    <ClInclude Include="texturemanager.h">
      <Filter>Engine\Headers</Filter>
    </ClInclude>
    <ClInclude Include="vertexarray.h">
      <Filter>Engine\Headers</Filter>
    </ClInclude>
    <ClInclude Include="scenesplash.h">
      <Filter>Game\Headers</Filter>
    </ClInclude>
    <ClInclude Include="utils.h">
      <Filter>Engine\Headers</Filter>
    </ClInclude>
    <ClInclude Include="vector2.h">
      <Filter>Engine\Headers</Filter>
    </ClInclude>
    <ClInclude Include="ball.h">
      <Filter>Game\Headers</Filter>
    </ClInclude>
    <ClInclude Include="sceneballs.h">
      <Filter>Game\Headers</Filter>
    </ClInclude>
    <ClInclude Include="imgui\imgui.h">
      <Filter>IMGUI\Headers</Filter>
    </ClInclude>
    <ClInclude Include="imgui\imgui_impl_opengl3.h">
      <Filter>IMGUI\Headers</Filter>
    </ClInclude>
    <ClInclude Include="imgui\imgui_impl_opengl3_loader.h">
      <Filter>IMGUI\Headers</Filter>
    </ClInclude>
    <ClInclude Include="imgui\imgui_internal.h">
      <Filter>IMGUI\Headers</Filter>
    </ClInclude>
    <ClInclude Include="imgui\imstb_rectpack.h">
      <Filter>IMGUI\Headers</Filter>
    </ClInclude>
    <ClInclude Include="imgui\imstb_textedit.h">
      <Filter>IMGUI\Headers</Filter>
    </ClInclude>
    <ClInclude Include="imgui\imstb_truetype.h">
      <Filter>IMGUI\Headers</Filter>
    </ClInclude>
    <ClInclude Include="imgui\imconfig.h">
      <Filter>IMGUI\Headers</Filter>
    </ClInclude>
    <ClInclude Include="input.h">
      <Filter>Engine\Headers</Filter>
    </ClInclude>
    <ClInclude Include="xinputcontroller.h">
      <Filter>Engine\Headers</Filter>
    </ClInclude>
    <ClInclude Include="scenegame.h">
      <Filter>Game\Headers</Filter>
    </ClInclude>
    <ClInclude Include="player.h">
      <Filter>Game\Headers</Filter>
    </ClInclude>
  </ItemGroup>
  <ItemGroup>
    <None Include="..\..\game\shaders\sprite.vert">
      <Filter>Resource Files</Filter>
    </None>
  </ItemGroup>
</Project>